// !$*UTF8*$!
{
	archiveVersion = 1;
	classes = {
	};
	objectVersion = 50;
	objects = {

/* Begin PBXBuildFile section */
		B5DB960D248609060043D787 /* main.cpp in Sources */ = {isa = PBXBuildFile; fileRef = B5DB960C248609060043D787 /* main.cpp */; };
		B5DB9615248609720043D787 /* OpenGL.framework in Frameworks */ = {isa = PBXBuildFile; fileRef = B5DB9614248609720043D787 /* OpenGL.framework */; };
		B5DB97C924860B320043D787 /* glad.c in Sources */ = {isa = PBXBuildFile; fileRef = B5DB97C724860B320043D787 /* glad.c */; };
		B5DB97CB24860B600043D787 /* libglfw3.a in Frameworks */ = {isa = PBXBuildFile; fileRef = B5DB97CA24860B600043D787 /* libglfw3.a */; };
		B5DB97CF24860BA90043D787 /* Cocoa.framework in Frameworks */ = {isa = PBXBuildFile; fileRef = B5DB97CE24860BA90043D787 /* Cocoa.framework */; };
		B5DB97D024860BB20043D787 /* IOKit.framework in Frameworks */ = {isa = PBXBuildFile; fileRef = B5DB97CC24860B980043D787 /* IOKit.framework */; };
		B5DB97D3248621400043D787 /* Game.cpp in Sources */ = {isa = PBXBuildFile; fileRef = B5DB97D1248621400043D787 /* Game.cpp */; };
		B5DB97D62486256D0043D787 /* Shader.cpp in Sources */ = {isa = PBXBuildFile; fileRef = B5DB97D42486256D0043D787 /* Shader.cpp */; };
		B5DB97D924862D3D0043D787 /* Texture2D.cpp in Sources */ = {isa = PBXBuildFile; fileRef = B5DB97D724862D3D0043D787 /* Texture2D.cpp */; };
/* End PBXBuildFile section */

/* Begin PBXCopyFilesBuildPhase section */
		B5DB9607248609060043D787 /* CopyFiles */ = {
			isa = PBXCopyFilesBuildPhase;
			buildActionMask = 2147483647;
			dstPath = /usr/share/man/man1/;
			dstSubfolderSpec = 0;
			files = (
			);
			runOnlyForDeploymentPostprocessing = 1;
		};
/* End PBXCopyFilesBuildPhase section */

/* Begin PBXFileReference section */
		B5DB9609248609060043D787 /* Breakout */ = {isa = PBXFileReference; explicitFileType = "compiled.mach-o.executable"; includeInIndex = 0; path = Breakout; sourceTree = BUILT_PRODUCTS_DIR; };
		B5DB960C248609060043D787 /* main.cpp */ = {isa = PBXFileReference; lastKnownFileType = sourcecode.cpp.cpp; path = main.cpp; sourceTree = "<group>"; };
		B5DB9614248609720043D787 /* OpenGL.framework */ = {isa = PBXFileReference; lastKnownFileType = wrapper.framework; name = OpenGL.framework; path = System/Library/Frameworks/OpenGL.framework; sourceTree = SDKROOT; };
		B5DB97C724860B320043D787 /* glad.c */ = {isa = PBXFileReference; fileEncoding = 4; lastKnownFileType = sourcecode.c.c; path = glad.c; sourceTree = "<group>"; };
		B5DB97CA24860B600043D787 /* libglfw3.a */ = {isa = PBXFileReference; lastKnownFileType = archive.ar; name = libglfw3.a; path = ../../../../../../usr/local/lib/libglfw3.a; sourceTree = "<group>"; };
		B5DB97CC24860B980043D787 /* IOKit.framework */ = {isa = PBXFileReference; lastKnownFileType = wrapper.framework; name = IOKit.framework; path = System/Library/Frameworks/IOKit.framework; sourceTree = SDKROOT; };
		B5DB97CE24860BA90043D787 /* Cocoa.framework */ = {isa = PBXFileReference; lastKnownFileType = wrapper.framework; name = Cocoa.framework; path = System/Library/Frameworks/Cocoa.framework; sourceTree = SDKROOT; };
		B5DB97D1248621400043D787 /* Game.cpp */ = {isa = PBXFileReference; lastKnownFileType = sourcecode.cpp.cpp; path = Game.cpp; sourceTree = "<group>"; };
		B5DB97D2248621400043D787 /* Game.hpp */ = {isa = PBXFileReference; lastKnownFileType = sourcecode.cpp.h; path = Game.hpp; sourceTree = "<group>"; };
		B5DB97D42486256D0043D787 /* Shader.cpp */ = {isa = PBXFileReference; lastKnownFileType = sourcecode.cpp.cpp; path = Shader.cpp; sourceTree = "<group>"; };
		B5DB97D52486256D0043D787 /* Shader.hpp */ = {isa = PBXFileReference; lastKnownFileType = sourcecode.cpp.h; path = Shader.hpp; sourceTree = "<group>"; };
		B5DB97D724862D3D0043D787 /* Texture2D.cpp */ = {isa = PBXFileReference; lastKnownFileType = sourcecode.cpp.cpp; path = Texture2D.cpp; sourceTree = "<group>"; };
		B5DB97D824862D3D0043D787 /* Texture2D.hpp */ = {isa = PBXFileReference; lastKnownFileType = sourcecode.cpp.h; path = Texture2D.hpp; sourceTree = "<group>"; };
/* End PBXFileReference section */

/* Begin PBXFrameworksBuildPhase section */
		B5DB9606248609060043D787 /* Frameworks */ = {
			isa = PBXFrameworksBuildPhase;
			buildActionMask = 2147483647;
			files = (
				B5DB97D024860BB20043D787 /* IOKit.framework in Frameworks */,
				B5DB97CF24860BA90043D787 /* Cocoa.framework in Frameworks */,
				B5DB9615248609720043D787 /* OpenGL.framework in Frameworks */,
				B5DB97CB24860B600043D787 /* libglfw3.a in Frameworks */,
			);
			runOnlyForDeploymentPostprocessing = 0;
		};
/* End PBXFrameworksBuildPhase section */

/* Begin PBXGroup section */
		B5DB9600248609060043D787 = {
			isa = PBXGroup;
			children = (
				B5DB960B248609060043D787 /* Breakout */,
				B5DB960A248609060043D787 /* Products */,
				B5DB9613248609720043D787 /* Frameworks */,
			);
			sourceTree = "<group>";
		};
		B5DB960A248609060043D787 /* Products */ = {
			isa = PBXGroup;
			children = (
				B5DB9609248609060043D787 /* Breakout */,
			);
			name = Products;
			sourceTree = "<group>";
		};
		B5DB960B248609060043D787 /* Breakout */ = {
			isa = PBXGroup;
			children = (
				B5DB961624860B310043D787 /* external */,
				B5DB960C248609060043D787 /* main.cpp */,
				B5DB97D1248621400043D787 /* Game.cpp */,
				B5DB97D2248621400043D787 /* Game.hpp */,
				B5DB97D42486256D0043D787 /* Shader.cpp */,
				B5DB97D52486256D0043D787 /* Shader.hpp */,
				B5DB97D724862D3D0043D787 /* Texture2D.cpp */,
				B5DB97D824862D3D0043D787 /* Texture2D.hpp */,
			);
			path = Breakout;
			sourceTree = "<group>";
		};
		B5DB9613248609720043D787 /* Frameworks */ = {
			isa = PBXGroup;
			children = (
				B5DB97CE24860BA90043D787 /* Cocoa.framework */,
				B5DB97CC24860B980043D787 /* IOKit.framework */,
				B5DB97CA24860B600043D787 /* libglfw3.a */,
				B5DB9614248609720043D787 /* OpenGL.framework */,
			);
			name = Frameworks;
			sourceTree = "<group>";
		};
		B5DB961624860B310043D787 /* external */ = {
			isa = PBXGroup;
			children = (
				B5DB97C624860B320043D787 /* src */,
			);
			path = external;
			sourceTree = "<group>";
		};
		B5DB97C624860B320043D787 /* src */ = {
			isa = PBXGroup;
			children = (
				B5DB97C724860B320043D787 /* glad.c */,
			);
			path = src;
			sourceTree = "<group>";
		};
/* End PBXGroup section */

/* Begin PBXNativeTarget section */
		B5DB9608248609060043D787 /* Breakout */ = {
			isa = PBXNativeTarget;
			buildConfigurationList = B5DB9610248609060043D787 /* Build configuration list for PBXNativeTarget "Breakout" */;
			buildPhases = (
				B5DB9605248609060043D787 /* Sources */,
				B5DB9606248609060043D787 /* Frameworks */,
				B5DB9607248609060043D787 /* CopyFiles */,
			);
			buildRules = (
			);
			dependencies = (
			);
			name = Breakout;
			productName = Breakout;
			productReference = B5DB9609248609060043D787 /* Breakout */;
			productType = "com.apple.product-type.tool";
		};
/* End PBXNativeTarget section */

/* Begin PBXProject section */
		B5DB9601248609060043D787 /* Project object */ = {
			isa = PBXProject;
			attributes = {
				LastUpgradeCheck = 1140;
				ORGANIZATIONNAME = Ben;
				TargetAttributes = {
					B5DB9608248609060043D787 = {
						CreatedOnToolsVersion = 11.4.1;
					};
				};
			};
			buildConfigurationList = B5DB9604248609060043D787 /* Build configuration list for PBXProject "Breakout" */;
			compatibilityVersion = "Xcode 9.3";
			developmentRegion = en;
			hasScannedForEncodings = 0;
			knownRegions = (
				en,
				Base,
			);
			mainGroup = B5DB9600248609060043D787;
			productRefGroup = B5DB960A248609060043D787 /* Products */;
			projectDirPath = "";
			projectRoot = "";
			targets = (
				B5DB9608248609060043D787 /* Breakout */,
			);
		};
/* End PBXProject section */

/* Begin PBXSourcesBuildPhase section */
		B5DB9605248609060043D787 /* Sources */ = {
			isa = PBXSourcesBuildPhase;
			buildActionMask = 2147483647;
			files = (
				B5DB97D3248621400043D787 /* Game.cpp in Sources */,
				B5DB960D248609060043D787 /* main.cpp in Sources */,
				B5DB97D62486256D0043D787 /* Shader.cpp in Sources */,
				B5DB97C924860B320043D787 /* glad.c in Sources */,
				B5DB97D924862D3D0043D787 /* Texture2D.cpp in Sources */,
			);
			runOnlyForDeploymentPostprocessing = 0;
		};
/* End PBXSourcesBuildPhase section */

/* Begin XCBuildConfiguration section */
		B5DB960E248609060043D787 /* Debug */ = {
			isa = XCBuildConfiguration;
			buildSettings = {
				ALWAYS_SEARCH_USER_PATHS = NO;
				CLANG_ANALYZER_NONNULL = YES;
				CLANG_ANALYZER_NUMBER_OBJECT_CONVERSION = YES_AGGRESSIVE;
				CLANG_CXX_LANGUAGE_STANDARD = "gnu++14";
				CLANG_CXX_LIBRARY = "libc++";
				CLANG_ENABLE_MODULES = YES;
				CLANG_ENABLE_OBJC_ARC = YES;
				CLANG_ENABLE_OBJC_WEAK = YES;
				CLANG_WARN_BLOCK_CAPTURE_AUTORELEASING = YES;
				CLANG_WARN_BOOL_CONVERSION = YES;
				CLANG_WARN_COMMA = YES;
				CLANG_WARN_CONSTANT_CONVERSION = YES;
				CLANG_WARN_DEPRECATED_OBJC_IMPLEMENTATIONS = YES;
				CLANG_WARN_DIRECT_OBJC_ISA_USAGE = YES_ERROR;
				CLANG_WARN_DOCUMENTATION_COMMENTS = YES;
				CLANG_WARN_EMPTY_BODY = YES;
				CLANG_WARN_ENUM_CONVERSION = YES;
				CLANG_WARN_INFINITE_RECURSION = YES;
				CLANG_WARN_INT_CONVERSION = YES;
				CLANG_WARN_NON_LITERAL_NULL_CONVERSION = YES;
				CLANG_WARN_OBJC_IMPLICIT_RETAIN_SELF = YES;
				CLANG_WARN_OBJC_LITERAL_CONVERSION = YES;
				CLANG_WARN_OBJC_ROOT_CLASS = YES_ERROR;
				CLANG_WARN_RANGE_LOOP_ANALYSIS = YES;
				CLANG_WARN_STRICT_PROTOTYPES = YES;
				CLANG_WARN_SUSPICIOUS_MOVE = YES;
				CLANG_WARN_UNGUARDED_AVAILABILITY = YES_AGGRESSIVE;
				CLANG_WARN_UNREACHABLE_CODE = YES;
				CLANG_WARN__DUPLICATE_METHOD_MATCH = YES;
				COPY_PHASE_STRIP = NO;
				DEBUG_INFORMATION_FORMAT = dwarf;
				ENABLE_STRICT_OBJC_MSGSEND = YES;
				ENABLE_TESTABILITY = YES;
				GCC_C_LANGUAGE_STANDARD = gnu11;
				GCC_DYNAMIC_NO_PIC = NO;
				GCC_NO_COMMON_BLOCKS = YES;
				GCC_OPTIMIZATION_LEVEL = 0;
				GCC_PREPROCESSOR_DEFINITIONS = (
					"DEBUG=1",
					"$(inherited)",
				);
				GCC_WARN_64_TO_32_BIT_CONVERSION = YES;
				GCC_WARN_ABOUT_RETURN_TYPE = YES_ERROR;
				GCC_WARN_UNDECLARED_SELECTOR = YES;
				GCC_WARN_UNINITIALIZED_AUTOS = YES_AGGRESSIVE;
				GCC_WARN_UNUSED_FUNCTION = YES;
				GCC_WARN_UNUSED_VARIABLE = YES;
				MACOSX_DEPLOYMENT_TARGET = 10.15;
				MTL_ENABLE_DEBUG_INFO = INCLUDE_SOURCE;
				MTL_FAST_MATH = YES;
				ONLY_ACTIVE_ARCH = YES;
				SDKROOT = macosx;
			};
			name = Debug;
		};
		B5DB960F248609060043D787 /* Release */ = {
			isa = XCBuildConfiguration;
			buildSettings = {
				ALWAYS_SEARCH_USER_PATHS = NO;
				CLANG_ANALYZER_NONNULL = YES;
				CLANG_ANALYZER_NUMBER_OBJECT_CONVERSION = YES_AGGRESSIVE;
				CLANG_CXX_LANGUAGE_STANDARD = "gnu++14";
				CLANG_CXX_LIBRARY = "libc++";
				CLANG_ENABLE_MODULES = YES;
				CLANG_ENABLE_OBJC_ARC = YES;
				CLANG_ENABLE_OBJC_WEAK = YES;
				CLANG_WARN_BLOCK_CAPTURE_AUTORELEASING = YES;
				CLANG_WARN_BOOL_CONVERSION = YES;
				CLANG_WARN_COMMA = YES;
				CLANG_WARN_CONSTANT_CONVERSION = YES;
				CLANG_WARN_DEPRECATED_OBJC_IMPLEMENTATIONS = YES;
				CLANG_WARN_DIRECT_OBJC_ISA_USAGE = YES_ERROR;
				CLANG_WARN_DOCUMENTATION_COMMENTS = YES;
				CLANG_WARN_EMPTY_BODY = YES;
				CLANG_WARN_ENUM_CONVERSION = YES;
				CLANG_WARN_INFINITE_RECURSION = YES;
				CLANG_WARN_INT_CONVERSION = YES;
				CLANG_WARN_NON_LITERAL_NULL_CONVERSION = YES;
				CLANG_WARN_OBJC_IMPLICIT_RETAIN_SELF = YES;
				CLANG_WARN_OBJC_LITERAL_CONVERSION = YES;
				CLANG_WARN_OBJC_ROOT_CLASS = YES_ERROR;
				CLANG_WARN_RANGE_LOOP_ANALYSIS = YES;
				CLANG_WARN_STRICT_PROTOTYPES = YES;
				CLANG_WARN_SUSPICIOUS_MOVE = YES;
				CLANG_WARN_UNGUARDED_AVAILABILITY = YES_AGGRESSIVE;
				CLANG_WARN_UNREACHABLE_CODE = YES;
				CLANG_WARN__DUPLICATE_METHOD_MATCH = YES;
				COPY_PHASE_STRIP = NO;
				DEBUG_INFORMATION_FORMAT = "dwarf-with-dsym";
				ENABLE_NS_ASSERTIONS = NO;
				ENABLE_STRICT_OBJC_MSGSEND = YES;
				GCC_C_LANGUAGE_STANDARD = gnu11;
				GCC_NO_COMMON_BLOCKS = YES;
				GCC_WARN_64_TO_32_BIT_CONVERSION = YES;
				GCC_WARN_ABOUT_RETURN_TYPE = YES_ERROR;
				GCC_WARN_UNDECLARED_SELECTOR = YES;
				GCC_WARN_UNINITIALIZED_AUTOS = YES_AGGRESSIVE;
				GCC_WARN_UNUSED_FUNCTION = YES;
				GCC_WARN_UNUSED_VARIABLE = YES;
				MACOSX_DEPLOYMENT_TARGET = 10.15;
				MTL_ENABLE_DEBUG_INFO = NO;
				MTL_FAST_MATH = YES;
				SDKROOT = macosx;
			};
			name = Release;
		};
		B5DB9611248609060043D787 /* Debug */ = {
			isa = XCBuildConfiguration;
			buildSettings = {
				CODE_SIGN_STYLE = Automatic;
				HEADER_SEARCH_PATHS = (
					/usr/local/include,
					"\"$(SRCROOT)/Breakout/external/include\"",
				);
				LIBRARY_SEARCH_PATHS = /usr/local/lib;
				PRODUCT_NAME = "$(TARGET_NAME)";
			};
			name = Debug;
		};
		B5DB9612248609060043D787 /* Release */ = {
			isa = XCBuildConfiguration;
			buildSettings = {
				CODE_SIGN_STYLE = Automatic;
				HEADER_SEARCH_PATHS = (
					/usr/local/include,
					"\"$(SRCROOT)/Breakout/external/include\"",
				);
				LIBRARY_SEARCH_PATHS = /usr/local/lib;
				PRODUCT_NAME = "$(TARGET_NAME)";
			};
			name = Release;
		};
/* End XCBuildConfiguration section */

/* Begin XCConfigurationList section */
		B5DB9604248609060043D787 /* Build configuration list for PBXProject "Breakout" */ = {
			isa = XCConfigurationList;
			buildConfigurations = (
				B5DB960E248609060043D787 /* Debug */,
				B5DB960F248609060043D787 /* Release */,
			);
			defaultConfigurationIsVisible = 0;
			defaultConfigurationName = Release;
		};
		B5DB9610248609060043D787 /* Build configuration list for PBXNativeTarget "Breakout" */ = {
			isa = XCConfigurationList;
			buildConfigurations = (
				B5DB9611248609060043D787 /* Debug */,
				B5DB9612248609060043D787 /* Release */,
			);
			defaultConfigurationIsVisible = 0;
			defaultConfigurationName = Release;
		};
/* End XCConfigurationList section */
	};
	rootObject = B5DB9601248609060043D787 /* Project object */;
}
